
Microsoft Visual Studio Solution File, Format Version 12.00
# Visual Studio Version 17
VisualStudioVersion = 17.6.33829.357
MinimumVisualStudioVersion = 10.0.40219.1
Project("{FAE04EC0-301F-11D3-BF4B-00C04F79EFBC}") = "Test01", "Test01.csproj", "{B0896B87-5C2A-4F4F-93B7-AF9ACC3D230E}"
EndProject
Global
	GlobalSection(SolutionConfigurationPlatforms) = preSolution
		Debug|Any CPU = Debug|Any CPU
		Release|Any CPU = Release|Any CPU
	EndGlobalSection
	GlobalSection(ProjectConfigurationPlatforms) = postSolution
		{B0896B87-5C2A-4F4F-93B7-AF9ACC3D230E}.Debug|Any CPU.ActiveCfg = Debug|Any CPU
		{B0896B87-5C2A-4F4F-93B7-AF9ACC3D230E}.Debug|Any CPU.Build.0 = Debug|Any CPU
		{B0896B87-5C2A-4F4F-93B7-AF9ACC3D230E}.Release|Any CPU.ActiveCfg = Release|Any CPU
		{B0896B87-5C2A-4F4F-93B7-AF9ACC3D230E}.Release|Any CPU.Build.0 = Release|Any CPU
	EndGlobalSection
	GlobalSection(SolutionProperties) = preSolution
		HideSolutionNode = FALSE
	EndGlobalSection
	GlobalSection(ExtensibilityGlobals) = postSolution
		SolutionGuid = {63D667AF-E0F7-474F-B678-D0EF035F35E2}
	EndGlobalSection
EndGlobal
